# This file is automatically @generated by Cargo.
# It is not intended for manual editing.
version = 3

[[package]]
name = "chs_lexer"
version = "0.1.0"

[[package]]
name = "chs_parser"
version = "0.1.0"
dependencies = [
 "chs_lexer",
]

[[package]]
name = "chs_vm"
version = "0.1.0"

[[package]]
name = "chs_vm_v2"
version = "0.1.0"
dependencies = [
 "memory",
]

[[package]]
name = "chsi"
version = "0.1.0"
dependencies = [
 "chs_parser",
 "chs_vm_v2",
 "type_check",
]

[[package]]
name = "memory"
version = "0.1.0"

[[package]]
name = "type_check"
version = "0.1.0"
dependencies = [
 "chs_parser",
]
